
Microsoft Visual Studio Solution File, Format Version 12.00
# Visual Studio Version 17
VisualStudioVersion = 17.5.002.0
MinimumVisualStudioVersion = 10.0.40219.1
Project("{2150E333-8FDC-42A3-9474-1A3956D46DE8}") = "ECommercePlatform", "ECommercePlatform", "{C4D36DF1-4303-4987-9309-8DB122BD1560}"
EndProject
Project("{2150E333-8FDC-42A3-9474-1A3956D46DE8}") = "src", "src", "{5A8A9116-51E6-419F-A372-F43060ACA425}"
EndProject
Project("{2150E333-8FDC-42A3-9474-1A3956D46DE8}") = "Services", "Services", "{37D8B9F8-01A2-4E91-B583-16237D9EAB7C}"
EndProject
Project("{9A19103F-16F7-4668-BE54-9A1E7A4F7556}") = "ProductService", "ECommercePlatform\src\Services\ProductService\ProductService.csproj", "{F8AD3866-F8B1-4062-AA9B-04CA74573915}"
EndProject
Global
	GlobalSection(SolutionConfigurationPlatforms) = preSolution
		Debug|Any CPU = Debug|Any CPU
		Release|Any CPU = Release|Any CPU
	EndGlobalSection
	GlobalSection(ProjectConfigurationPlatforms) = postSolution
		{F8AD3866-F8B1-4062-AA9B-04CA74573915}.Debug|Any CPU.ActiveCfg = Debug|Any CPU
		{F8AD3866-F8B1-4062-AA9B-04CA74573915}.Debug|Any CPU.Build.0 = Debug|Any CPU
		{F8AD3866-F8B1-4062-AA9B-04CA74573915}.Release|Any CPU.ActiveCfg = Release|Any CPU
		{F8AD3866-F8B1-4062-AA9B-04CA74573915}.Release|Any CPU.Build.0 = Release|Any CPU
	EndGlobalSection
	GlobalSection(SolutionProperties) = preSolution
		HideSolutionNode = FALSE
	EndGlobalSection
	GlobalSection(NestedProjects) = preSolution
		{5A8A9116-51E6-419F-A372-F43060ACA425} = {C4D36DF1-4303-4987-9309-8DB122BD1560}
		{37D8B9F8-01A2-4E91-B583-16237D9EAB7C} = {5A8A9116-51E6-419F-A372-F43060ACA425}
		{F8AD3866-F8B1-4062-AA9B-04CA74573915} = {37D8B9F8-01A2-4E91-B583-16237D9EAB7C}
	EndGlobalSection
	GlobalSection(ExtensibilityGlobals) = postSolution
		SolutionGuid = {61324BC9-9AEC-485E-B26D-01B25730EBA2}
	EndGlobalSection
EndGlobal
